
Microsoft Visual Studio Solution File, Format Version 12.00
# Visual Studio 15
VisualStudioVersion = 15.0.28307.102
MinimumVisualStudioVersion = 10.0.40219.1
Project("{8BC9CEB8-8B4A-11D0-8D11-00A0C91BC942}") = "Apr", "Apr\Apr.vcxproj", "{5A7DFBB1-AA47-41B3-9176-CB70AD51759E}"
EndProject
Global
	GlobalSection(SolutionConfigurationPlatforms) = preSolution
		Debug|x64 = Debug|x64
		Debug|x86 = Debug|x86
		Release|x64 = Release|x64
		Release|x86 = Release|x86
	EndGlobalSection
	GlobalSection(ProjectConfigurationPlatforms) = postSolution
		{5A7DFBB1-AA47-41B3-9176-CB70AD51759E}.Debug|x64.ActiveCfg = Debug|x64
		{5A7DFBB1-AA47-41B3-9176-CB70AD51759E}.Debug|x64.Build.0 = Debug|x64
		{5A7DFBB1-AA47-41B3-9176-CB70AD51759E}.Debug|x86.ActiveCfg = Debug|Win32
		{5A7DFBB1-AA47-41B3-9176-CB70AD51759E}.Debug|x86.Build.0 = Debug|Win32
		{5A7DFBB1-AA47-41B3-9176-CB70AD51759E}.Release|x64.ActiveCfg = Release|x64
		{5A7DFBB1-AA47-41B3-9176-CB70AD51759E}.Release|x64.Build.0 = Release|x64
		{5A7DFBB1-AA47-41B3-9176-CB70AD51759E}.Release|x86.ActiveCfg = Release|Win32
		{5A7DFBB1-AA47-41B3-9176-CB70AD51759E}.Release|x86.Build.0 = Release|Win32
	EndGlobalSection
	GlobalSection(SolutionProperties) = preSolution
		HideSolutionNode = FALSE
	EndGlobalSection
	GlobalSection(ExtensibilityGlobals) = postSolution
		SolutionGuid = {87038B0B-F483-457C-B0AD-20910ED77268}
	EndGlobalSection
EndGlobal
